{
  "version": 4,
  "terraform_version": "1.13.1",
  "serial": 46,
  "lineage": "1ae384b6-1b88-fbfe-a2e6-f597e89a59c8",
  "outputs": {
    "cluster_endpoints": {
      "value": [
        {
          "ipv6endpoint": "",
          "kubernetes": "",
          "private_endpoint": "10.0.2.66:6443",
          "public_endpoint": "132.226.160.32:6443",
          "vcn_hostname_endpoint": "ck4stnplrtq.okepublic.okevcn.oraclevcn.com:6443"
        }
      ],
      "type": [
        "list",
        [
          "object",
          {
            "ipv6endpoint": "string",
            "kubernetes": "string",
            "private_endpoint": "string",
            "public_endpoint": "string",
            "vcn_hostname_endpoint": "string"
          }
        ]
      ]
    },
    "cluster_id": {
      "value": "ocid1.cluster.oc1.sa-saopaulo-1.aaaaaaaatb3lv2vgvo75j4adfvhbhekc4mretxmyazx6gjdsick4stnplrtq",
      "type": "string"
    },
    "cluster_kubernetes_version": {
      "value": "v1.31.1",
      "type": "string"
    },
    "cluster_name": {
      "value": "kt-cluster-prontclinic-prod",
      "type": "string"
    },
    "connection_info": {
      "value": {
        "cluster_endpoint": "",
        "kubectl_config": "Use 'oci ce cluster create-kubeconfig' para configurar kubectl",
        "oci_cli_command": "oci ce cluster create-kubeconfig --cluster-id ocid1.cluster.oc1.sa-saopaulo-1.aaaaaaaatb3lv2vgvo75j4adfvhbhekc4mretxmyazx6gjdsick4stnplrtq --file ~/.kube/config --region sa-saopaulo-1"
      },
      "type": [
        "object",
        {
          "cluster_endpoint": "string",
          "kubectl_config": "string",
          "oci_cli_command": "string"
        }
      ]
    },
    "internet_gateway_id": {
      "value": "ocid1.internetgateway.oc1.sa-saopaulo-1.aaaaaaaab32eeee7xfiy3ycfy4k55asoszld5i5wpelyihxc2unrbqpflrrq",
      "type": "string"
    },
    "nat_gateway_id": {
      "value": "ocid1.natgateway.oc1.sa-saopaulo-1.aaaaaaaam4ixuquueqnqlrkp5l7fbj6wilu24q3g3znhxpg4vabhxv4b3ofq",
      "type": "string"
    },
    "network_info": {
      "value": {
        "pods_cidr": "10.244.0.0/16",
        "private_subnet_cidr": "10.0.1.0/24",
        "public_subnet_cidr": "10.0.2.0/24",
        "services_cidr": "10.96.0.0/16",
        "vcn_cidr": "10.0.0.0/16"
      },
      "type": [
        "object",
        {
          "pods_cidr": "string",
          "private_subnet_cidr": "string",
          "public_subnet_cidr": "string",
          "services_cidr": "string",
          "vcn_cidr": "string"
        }
      ]
    },
    "next_steps": {
      "value": [
        "1. Configure kubectl: oci ce cluster create-kubeconfig --cluster-id ocid1.cluster.oc1.sa-saopaulo-1.aaaaaaaatb3lv2vgvo75j4adfvhbhekc4mretxmyazx6gjdsick4stnplrtq --file ~/.kube/config --region sa-saopaulo-1",
        "2. Verifique os nós: kubectl get nodes",
        "3. Verifique os pods: kubectl get pods --all-namespaces",
        "4. Deploy suas aplicações usando LoadBalancer na subnet pública"
      ],
      "type": [
        "tuple",
        [
          "string",
          "string",
          "string",
          "string"
        ]
      ]
    },
    "node_info": {
      "value": {
        "availability_domain": "jCAi:SA-SAOPAULO-1-AD-1",
        "node_count": 3,
        "node_memory": "16GB",
        "node_ocpus": 2,
        "node_shape": "VM.Standard.A2.Flex"
      },
      "type": [
        "object",
        {
          "availability_domain": "string",
          "node_count": "number",
          "node_memory": "string",
          "node_ocpus": "number",
          "node_shape": "string"
        }
      ]
    },
    "node_pool_id": {
      "value": "ocid1.nodepool.oc1.sa-saopaulo-1.aaaaaaaa6yzwbr7pygmlohv4wgazlpg6nod3vusf2yu25qv72nk7ave3lxna",
      "type": "string"
    },
    "node_pool_name": {
      "value": "kt-cluster-prontclinic-prod-np",
      "type": "string"
    },
    "node_pool_size": {
      "value": 3,
      "type": "number"
    },
    "private_subnet_cidr": {
      "value": "10.0.1.0/24",
      "type": "string"
    },
    "private_subnet_id": {
      "value": "ocid1.subnet.oc1.sa-saopaulo-1.aaaaaaaarmivfr2w7y4w6aobjns65afnnzwpetu2pxbw3yuxuoe3lio3piba",
      "type": "string"
    },
    "public_subnet_cidr": {
      "value": "10.0.2.0/24",
      "type": "string"
    },
    "public_subnet_id": {
      "value": "ocid1.subnet.oc1.sa-saopaulo-1.aaaaaaaas43ndjasvv4ly3jjyxqkrptrhyz4p4hrq7g2umetyk76nt4wchda",
      "type": "string"
    },
    "service_gateway_id": {
      "value": "ocid1.servicegateway.oc1.sa-saopaulo-1.aaaaaaaaxgbsbzroun2dm2ljjtwsrt5b2oevjft4yr3zd77ufqz3wluwqozq",
      "type": "string"
    },
    "useful_commands": {
      "value": {
        "get_kubeconfig": "oci ce cluster create-kubeconfig --cluster-id ocid1.cluster.oc1.sa-saopaulo-1.aaaaaaaatb3lv2vgvo75j4adfvhbhekc4mretxmyazx6gjdsick4stnplrtq --file ~/.kube/config --region sa-saopaulo-1",
        "get_nodes": "kubectl get nodes",
        "get_pods": "kubectl get pods --all-namespaces",
        "get_services": "kubectl get services --all-namespaces"
      },
      "type": [
        "object",
        {
          "get_kubeconfig": "string",
          "get_nodes": "string",
          "get_pods": "string",
          "get_services": "string"
        }
      ]
    },
    "vcn_cidr": {
      "value": "10.0.0.0/16",
      "type": "string"
    },
    "vcn_id": {
      "value": "ocid1.vcn.oc1.sa-saopaulo-1.amaaaaaawsaoumiarcbrujllbouvidpksru6ngvisla45gz777zj62qmjjlq",
      "type": "string"
    }
  },
  "resources": [
    {
      "mode": "data",
      "type": "oci_containerengine_cluster_option",
      "name": "oke_cluster_options",
      "provider": "provider[\"registry.terraform.io/oracle/oci\"]",
      "instances": [
        {
          "schema_version": 0,
          "attributes": {
            "cluster_option_id": "all",
            "cluster_pod_network_options": [
              {
                "cni_type": "OCI_VCN_IP_NATIVE"
              },
              {
                "cni_type": "FLANNEL_OVERLAY"
              }
            ],
            "compartment_id": null,
            "id": "ContainerengineClusterOptionDataSource-1870923232",
            "kubernetes_versions": [
              "v1.31.1",
              "v1.31.10",
              "v1.32.1",
              "v1.33.0",
              "v1.33.1",
              "v1.34.0",
              "v1.34.1"
            ]
          },
          "sensitive_attributes": [],
          "identity_schema_version": 0
        }
      ]
    },
    {
      "mode": "data",
      "type": "oci_core_services",
      "name": "all_services",
      "provider": "provider[\"registry.terraform.io/oracle/oci\"]",
      "instances": [
        {
          "schema_version": 0,
          "attributes": {
            "filter": [
              {
                "name": "name",
                "regex": true,
                "values": [
                  "All .* Services In Oracle Services Network"
                ]
              }
            ],
            "id": "CoreServicesDataSource-0",
            "services": [
              {
                "cidr_block": "all-gru-services-in-oracle-services-network",
                "description": "All GRU Services In Oracle Services Network",
                "id": "ocid1.service.oc1.sa-saopaulo-1.aaaaaaaacd57uig6rzxm2qfipukbqpje2bhztqszh3aj7zk2jtvf6gvntena",
                "name": "All GRU Services In Oracle Services Network"
              }
            ]
          },
          "sensitive_attributes": [],
          "identity_schema_version": 0
        }
      ]
    },
    {
      "mode": "data",
      "type": "oci_identity_availability_domains",
      "name": "ads",
      "provider": "provider[\"registry.terraform.io/oracle/oci\"]",
      "instances": [
        {
          "schema_version": 0,
          "attributes": {
            "availability_domains": [
              {
                "compartment_id": "ocid1.compartment.oc1..aaaaaaaag5axnqchrn2oi5csox5squb76cdi2zhx5sp2qta3cckd4ub2ijza",
                "id": "ocid1.availabilitydomain.oc1..aaaaaaaay5nesbty7quxigdwtp7axotkcglzi43jvfrnwvbv4dgjerqwxf5a",
                "name": "jCAi:SA-SAOPAULO-1-AD-1"
              }
            ],
            "compartment_id": "ocid1.compartment.oc1..aaaaaaaag5axnqchrn2oi5csox5squb76cdi2zhx5sp2qta3cckd4ub2ijza",
            "filter": null,
            "id": "IdentityAvailabilityDomainsDataSource-860825974"
          },
          "sensitive_attributes": [],
          "identity_schema_version": 0
        }
      ]
    },
    {
      "mode": "managed",
      "type": "oci_containerengine_cluster",
      "name": "oke_cluster",
      "provider": "provider[\"registry.terraform.io/oracle/oci\"]",
      "instances": [
        {
          "schema_version": 0,
          "attributes": {
            "available_kubernetes_upgrades": [
              "v1.31.10",
              "v1.32.1"
            ],
            "cluster_pod_network_options": [
              {
                "cni_type": "FLANNEL_OVERLAY"
              }
            ],
            "compartment_id": "ocid1.compartment.oc1..aaaaaaaag5axnqchrn2oi5csox5squb76cdi2zhx5sp2qta3cckd4ub2ijza",
            "defined_tags": {
              "Oracle-Tags.CreatedBy": "default/k8s-provisioner-user@prontclinic.com.br",
              "Oracle-Tags.CreatedOn": "2025-10-18T21:20:32.009Z"
            },
            "endpoint_config": [
              {
                "is_public_ip_enabled": true,
                "nsg_ids": [],
                "subnet_id": "ocid1.subnet.oc1.sa-saopaulo-1.aaaaaaaas43ndjasvv4ly3jjyxqkrptrhyz4p4hrq7g2umetyk76nt4wchda"
              }
            ],
            "endpoints": [
              {
                "ipv6endpoint": "",
                "kubernetes": "",
                "private_endpoint": "10.0.2.66:6443",
                "public_endpoint": "132.226.160.32:6443",
                "vcn_hostname_endpoint": "ck4stnplrtq.okepublic.okevcn.oraclevcn.com:6443"
              }
            ],
            "freeform_tags": {
              "CostCenter": "IT",
              "Environment": "Production",
              "ManagedBy": "Terraform",
              "Owner": "ProntClinic",
              "Project": "ProntClinic"
            },
            "id": "ocid1.cluster.oc1.sa-saopaulo-1.aaaaaaaatb3lv2vgvo75j4adfvhbhekc4mretxmyazx6gjdsick4stnplrtq",
            "image_policy_config": [
              {
                "is_policy_enabled": false,
                "key_details": []
              }
            ],
            "kms_key_id": null,
            "kubernetes_version": "v1.31.1",
            "lifecycle_details": null,
            "metadata": [
              {
                "created_by_user_id": "ocid1.user.oc1..aaaaaaaameqgjjitxorm6cdsnjwaqkrnzi5l3fjz5cn4mglmzj2c6n5jtu2a",
                "created_by_work_request_id": "ocid1.clustersworkrequest.oc1.sa-saopaulo-1.aaaaaaaallbqt74b2zif5n5wd5q26nydhoynwogm77pnvlzxiwriuykx25vq",
                "deleted_by_user_id": "",
                "deleted_by_work_request_id": "",
                "time_created": "2025-10-18 21:20:32 +0000 UTC",
                "time_credential_expiration": "2030-10-18 21:21:05 +0000 UTC",
                "time_deleted": "",
                "time_updated": "",
                "updated_by_user_id": "",
                "updated_by_work_request_id": ""
              }
            ],
            "name": "kt-cluster-prontclinic-prod",
            "open_id_connect_discovery_endpoint": null,
            "options": [
              {
                "add_ons": [
                  {
                    "is_kubernetes_dashboard_enabled": true,
                    "is_tiller_enabled": false
                  }
                ],
                "admission_controller_options": [
                  {
                    "is_pod_security_policy_enabled": false
                  }
                ],
                "ip_families": [
                  "IPv4"
                ],
                "kubernetes_network_config": [
                  {
                    "pods_cidr": "10.244.0.0/16",
                    "services_cidr": "10.96.0.0/16"
                  }
                ],
                "open_id_connect_discovery": [],
                "open_id_connect_token_authentication_config": [],
                "persistent_volume_config": [
                  {
                    "defined_tags": {},
                    "freeform_tags": {}
                  }
                ],
                "service_lb_config": [
                  {
                    "defined_tags": {},
                    "freeform_tags": {}
                  }
                ],
                "service_lb_subnet_ids": [
                  "ocid1.subnet.oc1.sa-saopaulo-1.aaaaaaaas43ndjasvv4ly3jjyxqkrptrhyz4p4hrq7g2umetyk76nt4wchda"
                ]
              }
            ],
            "state": "ACTIVE",
            "timeouts": null,
            "type": "BASIC_CLUSTER",
            "vcn_id": "ocid1.vcn.oc1.sa-saopaulo-1.amaaaaaawsaoumiarcbrujllbouvidpksru6ngvisla45gz777zj62qmjjlq"
          },
          "sensitive_attributes": [],
          "identity_schema_version": 0,
          "private": "eyJlMmJmYjczMC1lY2FhLTExZTYtOGY4OC0zNDM2M2JjN2M0YzAiOnsiY3JlYXRlIjozNjAwMDAwMDAwMDAwLCJkZWxldGUiOjM2MDAwMDAwMDAwMDAsInVwZGF0ZSI6MzYwMDAwMDAwMDAwMH19",
          "dependencies": [
            "oci_core_internet_gateway.oke_igw",
            "oci_core_route_table.oke_public_rt",
            "oci_core_security_list.oke_public_sl",
            "oci_core_subnet.oke_public_subnet",
            "oci_core_vcn.oke_vcn"
          ]
        }
      ]
    },
    {
      "mode": "managed",
      "type": "oci_containerengine_node_pool",
      "name": "oke_node_pool",
      "provider": "provider[\"registry.terraform.io/oracle/oci\"]",
      "instances": [
        {
          "schema_version": 0,
          "attributes": {
            "cluster_id": "ocid1.cluster.oc1.sa-saopaulo-1.aaaaaaaatb3lv2vgvo75j4adfvhbhekc4mretxmyazx6gjdsick4stnplrtq",
            "compartment_id": "ocid1.compartment.oc1..aaaaaaaag5axnqchrn2oi5csox5squb76cdi2zhx5sp2qta3cckd4ub2ijza",
            "defined_tags": {
              "Oracle-Tags.CreatedBy": "default/k8s-provisioner-user@prontclinic.com.br",
              "Oracle-Tags.CreatedOn": "2025-10-18T21:40:24.908Z"
            },
            "freeform_tags": {
              "CostCenter": "IT",
              "Environment": "Production",
              "ManagedBy": "Terraform",
              "Owner": "ProntClinic",
              "Project": "ProntClinic"
            },
            "id": "ocid1.nodepool.oc1.sa-saopaulo-1.aaaaaaaa6yzwbr7pygmlohv4wgazlpg6nod3vusf2yu25qv72nk7ave3lxna",
            "initial_node_labels": [
              {
                "key": "name",
                "value": "kt-cluster-prontclinic-prod"
              }
            ],
            "kubernetes_version": "v1.31.1",
            "lifecycle_details": null,
            "name": "kt-cluster-prontclinic-prod-np",
            "node_config_details": [
              {
                "defined_tags": {},
                "freeform_tags": {},
                "is_pv_encryption_in_transit_enabled": false,
                "kms_key_id": "",
                "node_pool_pod_network_option_details": [
                  {
                    "cni_type": "FLANNEL_OVERLAY",
                    "max_pods_per_node": 0,
                    "pod_nsg_ids": [],
                    "pod_subnet_ids": []
                  }
                ],
                "nsg_ids": [],
                "placement_configs": [
                  {
                    "availability_domain": "jCAi:SA-SAOPAULO-1-AD-1",
                    "capacity_reservation_id": "",
                    "fault_domains": [],
                    "preemptible_node_config": [],
                    "subnet_id": "ocid1.subnet.oc1.sa-saopaulo-1.aaaaaaaarmivfr2w7y4w6aobjns65afnnzwpetu2pxbw3yuxuoe3lio3piba"
                  }
                ],
                "size": 3
              }
            ],
            "node_eviction_node_pool_settings": [],
            "node_image_id": "ocid1.image.oc1.sa-saopaulo-1.aaaaaaaa656dtemabqn7tmdf4ud52kucvbpmwcgv6sljruftuqqp62gfr5dq",
            "node_image_name": "Oracle-Linux-8.10-aarch64-2025.02.28-0-OKE-1.31.1-760",
            "node_metadata": {},
            "node_pool_cycling_details": [],
            "node_shape": "VM.Standard.A2.Flex",
            "node_shape_config": [
              {
                "memory_in_gbs": 16,
                "ocpus": 2
              }
            ],
            "node_source": [
              {
                "image_id": "ocid1.image.oc1.sa-saopaulo-1.aaaaaaaa656dtemabqn7tmdf4ud52kucvbpmwcgv6sljruftuqqp62gfr5dq",
                "source_name": "Oracle-Linux-8.10-aarch64-2025.02.28-0-OKE-1.31.1-760",
                "source_type": "IMAGE"
              }
            ],
            "node_source_details": [
              {
                "boot_volume_size_in_gbs": "",
                "image_id": "ocid1.image.oc1.sa-saopaulo-1.aaaaaaaa656dtemabqn7tmdf4ud52kucvbpmwcgv6sljruftuqqp62gfr5dq",
                "source_type": "IMAGE"
              }
            ],
            "nodes": [
              {
                "availability_domain": "jCAi:SA-SAOPAULO-1-AD-1",
                "defined_tags": {},
                "error": [],
                "fault_domain": "FAULT-DOMAIN-2",
                "freeform_tags": {},
                "id": "ocid1.instance.oc1.sa-saopaulo-1.antxeljrwsaoumicosfbxxoiosjeizp22jxttp7tesymuhrcm4vhg45oo5bq",
                "kubernetes_version": "v1.31.1",
                "lifecycle_details": "",
                "name": "oke-ck4stnplrtq-nk7ave3lxna-se3lio3piba-0",
                "node_pool_id": "ocid1.nodepool.oc1.sa-saopaulo-1.aaaaaaaa6yzwbr7pygmlohv4wgazlpg6nod3vusf2yu25qv72nk7ave3lxna",
                "private_ip": "10.0.1.240",
                "public_ip": "",
                "state": "ACTIVE",
                "subnet_id": "ocid1.subnet.oc1.sa-saopaulo-1.aaaaaaaarmivfr2w7y4w6aobjns65afnnzwpetu2pxbw3yuxuoe3lio3piba"
              },
              {
                "availability_domain": "jCAi:SA-SAOPAULO-1-AD-1",
                "defined_tags": {},
                "error": [],
                "fault_domain": "FAULT-DOMAIN-2",
                "freeform_tags": {},
                "id": "ocid1.instance.oc1.sa-saopaulo-1.antxeljrwsaoumicyh2enh3ej26ocwylvcgzzui7hhmvebjghpgmpvfyh7za",
                "kubernetes_version": "v1.31.1",
                "lifecycle_details": "",
                "name": "oke-ck4stnplrtq-nk7ave3lxna-se3lio3piba-1",
                "node_pool_id": "ocid1.nodepool.oc1.sa-saopaulo-1.aaaaaaaa6yzwbr7pygmlohv4wgazlpg6nod3vusf2yu25qv72nk7ave3lxna",
                "private_ip": "10.0.1.219",
                "public_ip": "",
                "state": "ACTIVE",
                "subnet_id": "ocid1.subnet.oc1.sa-saopaulo-1.aaaaaaaarmivfr2w7y4w6aobjns65afnnzwpetu2pxbw3yuxuoe3lio3piba"
              },
              {
                "availability_domain": "jCAi:SA-SAOPAULO-1-AD-1",
                "defined_tags": {},
                "error": [],
                "fault_domain": "FAULT-DOMAIN-2",
                "freeform_tags": {},
                "id": "ocid1.instance.oc1.sa-saopaulo-1.antxeljrwsaoumicuv4o4sio2dvwt5u5uc6qq7yxam2edtpnpzdilgz4cqta",
                "kubernetes_version": "v1.31.1",
                "lifecycle_details": "",
                "name": "oke-ck4stnplrtq-nk7ave3lxna-se3lio3piba-2",
                "node_pool_id": "ocid1.nodepool.oc1.sa-saopaulo-1.aaaaaaaa6yzwbr7pygmlohv4wgazlpg6nod3vusf2yu25qv72nk7ave3lxna",
                "private_ip": "10.0.1.236",
                "public_ip": "",
                "state": "ACTIVE",
                "subnet_id": "ocid1.subnet.oc1.sa-saopaulo-1.aaaaaaaarmivfr2w7y4w6aobjns65afnnzwpetu2pxbw3yuxuoe3lio3piba"
              }
            ],
            "quantity_per_subnet": 0,
            "ssh_public_key": null,
            "state": "ACTIVE",
            "subnet_ids": [
              "ocid1.subnet.oc1.sa-saopaulo-1.aaaaaaaarmivfr2w7y4w6aobjns65afnnzwpetu2pxbw3yuxuoe3lio3piba"
            ],
            "timeouts": null
          },
          "sensitive_attributes": [],
          "identity_schema_version": 0,
          "private": "eyJlMmJmYjczMC1lY2FhLTExZTYtOGY4OC0zNDM2M2JjN2M0YzAiOnsiY3JlYXRlIjozMDAwMDAwMDAwMDAwLCJkZWxldGUiOjMwMDAwMDAwMDAwMDAsInVwZGF0ZSI6MzAwMDAwMDAwMDAwMH19",
          "dependencies": [
            "data.oci_core_services.all_services",
            "data.oci_identity_availability_domains.ads",
            "oci_containerengine_cluster.oke_cluster",
            "oci_core_internet_gateway.oke_igw",
            "oci_core_nat_gateway.oke_nat",
            "oci_core_route_table.oke_private_rt",
            "oci_core_route_table.oke_public_rt",
            "oci_core_security_list.oke_private_sl",
            "oci_core_security_list.oke_public_sl",
            "oci_core_service_gateway.oke_sgw",
            "oci_core_subnet.oke_private_subnet",
            "oci_core_subnet.oke_public_subnet",
            "oci_core_vcn.oke_vcn"
          ]
        }
      ]
    },
    {
      "mode": "managed",
      "type": "oci_core_internet_gateway",
      "name": "oke_igw",
      "provider": "provider[\"registry.terraform.io/oracle/oci\"]",
      "instances": [
        {
          "schema_version": 0,
          "attributes": {
            "compartment_id": "ocid1.compartment.oc1..aaaaaaaag5axnqchrn2oi5csox5squb76cdi2zhx5sp2qta3cckd4ub2ijza",
            "defined_tags": {
              "Oracle-Tags.CreatedBy": "default/k8s-provisioner-user@prontclinic.com.br",
              "Oracle-Tags.CreatedOn": "2025-10-18T21:20:28.797Z"
            },
            "display_name": "kt-cluster-prontclinic-prod-igw",
            "enabled": true,
            "freeform_tags": {
              "CostCenter": "IT",
              "Environment": "Production",
              "ManagedBy": "Terraform",
              "Owner": "ProntClinic",
              "Project": "ProntClinic"
            },
            "id": "ocid1.internetgateway.oc1.sa-saopaulo-1.aaaaaaaab32eeee7xfiy3ycfy4k55asoszld5i5wpelyihxc2unrbqpflrrq",
            "route_table_id": null,
            "state": "AVAILABLE",
            "time_created": "2025-10-18 21:20:28.844 +0000 UTC",
            "timeouts": null,
            "vcn_id": "ocid1.vcn.oc1.sa-saopaulo-1.amaaaaaawsaoumiarcbrujllbouvidpksru6ngvisla45gz777zj62qmjjlq"
          },
          "sensitive_attributes": [],
          "identity_schema_version": 0,
          "private": "eyJlMmJmYjczMC1lY2FhLTExZTYtOGY4OC0zNDM2M2JjN2M0YzAiOnsiY3JlYXRlIjoxMjAwMDAwMDAwMDAwLCJkZWxldGUiOjEyMDAwMDAwMDAwMDAsInVwZGF0ZSI6MTIwMDAwMDAwMDAwMH19",
          "dependencies": [
            "oci_core_vcn.oke_vcn"
          ]
        }
      ]
    },
    {
      "mode": "managed",
      "type": "oci_core_nat_gateway",
      "name": "oke_nat",
      "provider": "provider[\"registry.terraform.io/oracle/oci\"]",
      "instances": [
        {
          "schema_version": 0,
          "attributes": {
            "block_traffic": false,
            "compartment_id": "ocid1.compartment.oc1..aaaaaaaag5axnqchrn2oi5csox5squb76cdi2zhx5sp2qta3cckd4ub2ijza",
            "defined_tags": {
              "Oracle-Tags.CreatedBy": "default/k8s-provisioner-user@prontclinic.com.br",
              "Oracle-Tags.CreatedOn": "2025-10-18T21:20:28.704Z"
            },
            "display_name": "kt-cluster-prontclinic-prod-nat",
            "freeform_tags": {
              "CostCenter": "IT",
              "Environment": "Production",
              "ManagedBy": "Terraform",
              "Owner": "ProntClinic",
              "Project": "ProntClinic"
            },
            "id": "ocid1.natgateway.oc1.sa-saopaulo-1.aaaaaaaam4ixuquueqnqlrkp5l7fbj6wilu24q3g3znhxpg4vabhxv4b3ofq",
            "nat_ip": "144.22.228.215",
            "public_ip_id": "ocid1.publicip.oc1.sa-saopaulo-1.aaaaaaaaijosq45k5ziy7tcpgmf5hsrkyml2msydyqhddxmhuyss3lp2xy4q",
            "route_table_id": null,
            "state": "AVAILABLE",
            "time_created": "2025-10-18 21:20:28.903 +0000 UTC",
            "timeouts": null,
            "vcn_id": "ocid1.vcn.oc1.sa-saopaulo-1.amaaaaaawsaoumiarcbrujllbouvidpksru6ngvisla45gz777zj62qmjjlq"
          },
          "sensitive_attributes": [],
          "identity_schema_version": 0,
          "private": "eyJlMmJmYjczMC1lY2FhLTExZTYtOGY4OC0zNDM2M2JjN2M0YzAiOnsiY3JlYXRlIjoxMjAwMDAwMDAwMDAwLCJkZWxldGUiOjEyMDAwMDAwMDAwMDAsInVwZGF0ZSI6MTIwMDAwMDAwMDAwMH19",
          "dependencies": [
            "oci_core_vcn.oke_vcn"
          ]
        }
      ]
    },
    {
      "mode": "managed",
      "type": "oci_core_route_table",
      "name": "oke_private_rt",
      "provider": "provider[\"registry.terraform.io/oracle/oci\"]",
      "instances": [
        {
          "schema_version": 0,
          "attributes": {
            "compartment_id": "ocid1.compartment.oc1..aaaaaaaag5axnqchrn2oi5csox5squb76cdi2zhx5sp2qta3cckd4ub2ijza",
            "defined_tags": {
              "Oracle-Tags.CreatedBy": "default/k8s-provisioner-user@prontclinic.com.br",
              "Oracle-Tags.CreatedOn": "2025-10-18T21:20:32.998Z"
            },
            "display_name": "kt-cluster-prontclinic-prod-private-rt",
            "freeform_tags": {
              "CostCenter": "IT",
              "Environment": "Production",
              "ManagedBy": "Terraform",
              "Owner": "ProntClinic",
              "Project": "ProntClinic"
            },
            "id": "ocid1.routetable.oc1.sa-saopaulo-1.aaaaaaaax3emhlfz4e6pbzmg6obpczseglje6cvtwacjeu4mgll47q7qewca",
            "route_rules": [
              {
                "cidr_block": "",
                "description": "",
                "destination": "0.0.0.0/0",
                "destination_type": "CIDR_BLOCK",
                "network_entity_id": "ocid1.natgateway.oc1.sa-saopaulo-1.aaaaaaaam4ixuquueqnqlrkp5l7fbj6wilu24q3g3znhxpg4vabhxv4b3ofq",
                "route_type": ""
              },
              {
                "cidr_block": "",
                "description": "",
                "destination": "all-gru-services-in-oracle-services-network",
                "destination_type": "SERVICE_CIDR_BLOCK",
                "network_entity_id": "ocid1.servicegateway.oc1.sa-saopaulo-1.aaaaaaaaxgbsbzroun2dm2ljjtwsrt5b2oevjft4yr3zd77ufqz3wluwqozq",
                "route_type": ""
              }
            ],
            "state": "AVAILABLE",
            "time_created": "2025-10-18 21:20:33.039 +0000 UTC",
            "timeouts": null,
            "vcn_id": "ocid1.vcn.oc1.sa-saopaulo-1.amaaaaaawsaoumiarcbrujllbouvidpksru6ngvisla45gz777zj62qmjjlq"
          },
          "sensitive_attributes": [],
          "identity_schema_version": 0,
          "private": "eyJlMmJmYjczMC1lY2FhLTExZTYtOGY4OC0zNDM2M2JjN2M0YzAiOnsiY3JlYXRlIjoxMjAwMDAwMDAwMDAwLCJkZWxldGUiOjEyMDAwMDAwMDAwMDAsInVwZGF0ZSI6MTIwMDAwMDAwMDAwMH19",
          "dependencies": [
            "data.oci_core_services.all_services",
            "oci_core_nat_gateway.oke_nat",
            "oci_core_service_gateway.oke_sgw",
            "oci_core_vcn.oke_vcn"
          ]
        }
      ]
    },
    {
      "mode": "managed",
      "type": "oci_core_route_table",
      "name": "oke_public_rt",
      "provider": "provider[\"registry.terraform.io/oracle/oci\"]",
      "instances": [
        {
          "schema_version": 0,
          "attributes": {
            "compartment_id": "ocid1.compartment.oc1..aaaaaaaag5axnqchrn2oi5csox5squb76cdi2zhx5sp2qta3cckd4ub2ijza",
            "defined_tags": {
              "Oracle-Tags.CreatedBy": "default/k8s-provisioner-user@prontclinic.com.br",
              "Oracle-Tags.CreatedOn": "2025-10-18T21:20:29.272Z"
            },
            "display_name": "kt-cluster-prontclinic-prod-public-rt",
            "freeform_tags": {
              "CostCenter": "IT",
              "Environment": "Production",
              "ManagedBy": "Terraform",
              "Owner": "ProntClinic",
              "Project": "ProntClinic"
            },
            "id": "ocid1.routetable.oc1.sa-saopaulo-1.aaaaaaaapjg63o6xmr2xacuehsxtcj72t72ze6pppsmgpiu32fipylave2fa",
            "route_rules": [
              {
                "cidr_block": "",
                "description": "",
                "destination": "0.0.0.0/0",
                "destination_type": "CIDR_BLOCK",
                "network_entity_id": "ocid1.internetgateway.oc1.sa-saopaulo-1.aaaaaaaab32eeee7xfiy3ycfy4k55asoszld5i5wpelyihxc2unrbqpflrrq",
                "route_type": ""
              }
            ],
            "state": "AVAILABLE",
            "time_created": "2025-10-18 21:20:29.299 +0000 UTC",
            "timeouts": null,
            "vcn_id": "ocid1.vcn.oc1.sa-saopaulo-1.amaaaaaawsaoumiarcbrujllbouvidpksru6ngvisla45gz777zj62qmjjlq"
          },
          "sensitive_attributes": [],
          "identity_schema_version": 0,
          "private": "eyJlMmJmYjczMC1lY2FhLTExZTYtOGY4OC0zNDM2M2JjN2M0YzAiOnsiY3JlYXRlIjoxMjAwMDAwMDAwMDAwLCJkZWxldGUiOjEyMDAwMDAwMDAwMDAsInVwZGF0ZSI6MTIwMDAwMDAwMDAwMH19",
          "dependencies": [
            "oci_core_internet_gateway.oke_igw",
            "oci_core_vcn.oke_vcn"
          ]
        }
      ]
    },
    {
      "mode": "managed",
      "type": "oci_core_security_list",
      "name": "oke_private_sl",
      "provider": "provider[\"registry.terraform.io/oracle/oci\"]",
      "instances": [
        {
          "schema_version": 0,
          "attributes": {
            "compartment_id": "ocid1.compartment.oc1..aaaaaaaag5axnqchrn2oi5csox5squb76cdi2zhx5sp2qta3cckd4ub2ijza",
            "defined_tags": {
              "Oracle-Tags.CreatedBy": "default/k8s-provisioner-user@prontclinic.com.br",
              "Oracle-Tags.CreatedOn": "2025-10-18T21:20:28.801Z"
            },
            "display_name": "kt-cluster-prontclinic-prod-private-sl",
            "egress_security_rules": [
              {
                "description": "",
                "destination": "0.0.0.0/0",
                "destination_type": "CIDR_BLOCK",
                "icmp_options": [],
                "protocol": "all",
                "stateless": false,
                "tcp_options": [],
                "udp_options": []
              }
            ],
            "freeform_tags": {
              "CostCenter": "IT",
              "Environment": "Production",
              "ManagedBy": "Terraform",
              "Owner": "ProntClinic",
              "Project": "ProntClinic"
            },
            "id": "ocid1.securitylist.oc1.sa-saopaulo-1.aaaaaaaab2dzutsk7brzpympkpnk2eaeegllqeabmt2e7v7xcjvb7v4dkt5q",
            "ingress_security_rules": [
              {
                "description": "",
                "icmp_options": [
                  {
                    "code": -1,
                    "type": 8
                  }
                ],
                "protocol": "1",
                "source": "0.0.0.0/0",
                "source_type": "CIDR_BLOCK",
                "stateless": false,
                "tcp_options": [],
                "udp_options": []
              },
              {
                "description": "",
                "icmp_options": [
                  {
                    "code": 4,
                    "type": 3
                  }
                ],
                "protocol": "1",
                "source": "0.0.0.0/0",
                "source_type": "CIDR_BLOCK",
                "stateless": false,
                "tcp_options": [],
                "udp_options": []
              },
              {
                "description": "",
                "icmp_options": [],
                "protocol": "1",
                "source": "10.0.0.0/16",
                "source_type": "CIDR_BLOCK",
                "stateless": false,
                "tcp_options": [],
                "udp_options": []
              },
              {
                "description": "",
                "icmp_options": [],
                "protocol": "6",
                "source": "10.0.0.0/16",
                "source_type": "CIDR_BLOCK",
                "stateless": false,
                "tcp_options": [
                  {
                    "max": 22,
                    "min": 22,
                    "source_port_range": []
                  }
                ],
                "udp_options": []
              },
              {
                "description": "",
                "icmp_options": [],
                "protocol": "6",
                "source": "10.0.0.0/16",
                "source_type": "CIDR_BLOCK",
                "stateless": false,
                "tcp_options": [
                  {
                    "max": 443,
                    "min": 443,
                    "source_port_range": []
                  }
                ],
                "udp_options": []
              },
              {
                "description": "",
                "icmp_options": [],
                "protocol": "all",
                "source": "0.0.0.0/0",
                "source_type": "CIDR_BLOCK",
                "stateless": false,
                "tcp_options": [],
                "udp_options": []
              },
              {
                "description": "",
                "icmp_options": [],
                "protocol": "all",
                "source": "10.0.0.0/16",
                "source_type": "CIDR_BLOCK",
                "stateless": false,
                "tcp_options": [],
                "udp_options": []
              }
            ],
            "state": "AVAILABLE",
            "time_created": "2025-10-18 21:20:28.835 +0000 UTC",
            "timeouts": null,
            "vcn_id": "ocid1.vcn.oc1.sa-saopaulo-1.amaaaaaawsaoumiarcbrujllbouvidpksru6ngvisla45gz777zj62qmjjlq"
          },
          "sensitive_attributes": [],
          "identity_schema_version": 0,
          "private": "eyJlMmJmYjczMC1lY2FhLTExZTYtOGY4OC0zNDM2M2JjN2M0YzAiOnsiY3JlYXRlIjoxMjAwMDAwMDAwMDAwLCJkZWxldGUiOjEyMDAwMDAwMDAwMDAsInVwZGF0ZSI6MTIwMDAwMDAwMDAwMH19",
          "dependencies": [
            "oci_core_vcn.oke_vcn"
          ]
        }
      ]
    },
    {
      "mode": "managed",
      "type": "oci_core_security_list",
      "name": "oke_public_sl",
      "provider": "provider[\"registry.terraform.io/oracle/oci\"]",
      "instances": [
        {
          "schema_version": 0,
          "attributes": {
            "compartment_id": "ocid1.compartment.oc1..aaaaaaaag5axnqchrn2oi5csox5squb76cdi2zhx5sp2qta3cckd4ub2ijza",
            "defined_tags": {
              "Oracle-Tags.CreatedBy": "default/k8s-provisioner-user@prontclinic.com.br",
              "Oracle-Tags.CreatedOn": "2025-10-18T21:20:28.792Z"
            },
            "display_name": "kt-cluster-prontclinic-prod-public-sl",
            "egress_security_rules": [
              {
                "description": "",
                "destination": "0.0.0.0/0",
                "destination_type": "CIDR_BLOCK",
                "icmp_options": [],
                "protocol": "all",
                "stateless": false,
                "tcp_options": [],
                "udp_options": []
              }
            ],
            "freeform_tags": {
              "CostCenter": "IT",
              "Environment": "Production",
              "ManagedBy": "Terraform",
              "Owner": "ProntClinic",
              "Project": "ProntClinic"
            },
            "id": "ocid1.securitylist.oc1.sa-saopaulo-1.aaaaaaaamujrvsazax2eyqncw76metbz5lvpdpyi33xdtittcqbwkbfvuyhq",
            "ingress_security_rules": [
              {
                "description": "",
                "icmp_options": [],
                "protocol": "6",
                "source": "0.0.0.0/0",
                "source_type": "CIDR_BLOCK",
                "stateless": false,
                "tcp_options": [
                  {
                    "max": 32767,
                    "min": 30000,
                    "source_port_range": []
                  }
                ],
                "udp_options": []
              },
              {
                "description": "",
                "icmp_options": [],
                "protocol": "6",
                "source": "0.0.0.0/0",
                "source_type": "CIDR_BLOCK",
                "stateless": false,
                "tcp_options": [
                  {
                    "max": 443,
                    "min": 443,
                    "source_port_range": []
                  }
                ],
                "udp_options": []
              },
              {
                "description": "",
                "icmp_options": [],
                "protocol": "6",
                "source": "0.0.0.0/0",
                "source_type": "CIDR_BLOCK",
                "stateless": false,
                "tcp_options": [
                  {
                    "max": 6443,
                    "min": 6443,
                    "source_port_range": []
                  }
                ],
                "udp_options": []
              },
              {
                "description": "",
                "icmp_options": [],
                "protocol": "6",
                "source": "0.0.0.0/0",
                "source_type": "CIDR_BLOCK",
                "stateless": false,
                "tcp_options": [
                  {
                    "max": 80,
                    "min": 80,
                    "source_port_range": []
                  }
                ],
                "udp_options": []
              },
              {
                "description": "",
                "icmp_options": [],
                "protocol": "all",
                "source": "10.0.0.0/16",
                "source_type": "CIDR_BLOCK",
                "stateless": false,
                "tcp_options": [],
                "udp_options": []
              }
            ],
            "state": "AVAILABLE",
            "time_created": "2025-10-18 21:20:28.851 +0000 UTC",
            "timeouts": null,
            "vcn_id": "ocid1.vcn.oc1.sa-saopaulo-1.amaaaaaawsaoumiarcbrujllbouvidpksru6ngvisla45gz777zj62qmjjlq"
          },
          "sensitive_attributes": [],
          "identity_schema_version": 0,
          "private": "eyJlMmJmYjczMC1lY2FhLTExZTYtOGY4OC0zNDM2M2JjN2M0YzAiOnsiY3JlYXRlIjoxMjAwMDAwMDAwMDAwLCJkZWxldGUiOjEyMDAwMDAwMDAwMDAsInVwZGF0ZSI6MTIwMDAwMDAwMDAwMH19",
          "dependencies": [
            "oci_core_vcn.oke_vcn"
          ]
        }
      ]
    },
    {
      "mode": "managed",
      "type": "oci_core_service_gateway",
      "name": "oke_sgw",
      "provider": "provider[\"registry.terraform.io/oracle/oci\"]",
      "instances": [
        {
          "schema_version": 0,
          "attributes": {
            "block_traffic": false,
            "compartment_id": "ocid1.compartment.oc1..aaaaaaaag5axnqchrn2oi5csox5squb76cdi2zhx5sp2qta3cckd4ub2ijza",
            "defined_tags": {
              "Oracle-Tags.CreatedBy": "default/k8s-provisioner-user@prontclinic.com.br",
              "Oracle-Tags.CreatedOn": "2025-10-18T21:20:28.811Z"
            },
            "display_name": "kt-cluster-prontclinic-prod-sgw",
            "freeform_tags": {
              "CostCenter": "IT",
              "Environment": "Production",
              "ManagedBy": "Terraform",
              "Owner": "ProntClinic",
              "Project": "ProntClinic"
            },
            "id": "ocid1.servicegateway.oc1.sa-saopaulo-1.aaaaaaaaxgbsbzroun2dm2ljjtwsrt5b2oevjft4yr3zd77ufqz3wluwqozq",
            "route_table_id": null,
            "services": [
              {
                "service_id": "ocid1.service.oc1.sa-saopaulo-1.aaaaaaaacd57uig6rzxm2qfipukbqpje2bhztqszh3aj7zk2jtvf6gvntena",
                "service_name": "All GRU Services In Oracle Services Network"
              }
            ],
            "state": "AVAILABLE",
            "time_created": "2025-10-18 21:20:31.214 +0000 UTC",
            "timeouts": null,
            "vcn_id": "ocid1.vcn.oc1.sa-saopaulo-1.amaaaaaawsaoumiarcbrujllbouvidpksru6ngvisla45gz777zj62qmjjlq"
          },
          "sensitive_attributes": [],
          "identity_schema_version": 0,
          "private": "eyJlMmJmYjczMC1lY2FhLTExZTYtOGY4OC0zNDM2M2JjN2M0YzAiOnsiY3JlYXRlIjoxMjAwMDAwMDAwMDAwLCJkZWxldGUiOjEyMDAwMDAwMDAwMDAsInVwZGF0ZSI6MTIwMDAwMDAwMDAwMH19",
          "dependencies": [
            "data.oci_core_services.all_services",
            "oci_core_vcn.oke_vcn"
          ]
        }
      ]
    },
    {
      "mode": "managed",
      "type": "oci_core_subnet",
      "name": "oke_private_subnet",
      "provider": "provider[\"registry.terraform.io/oracle/oci\"]",
      "instances": [
        {
          "schema_version": 0,
          "attributes": {
            "availability_domain": null,
            "cidr_block": "10.0.1.0/24",
            "compartment_id": "ocid1.compartment.oc1..aaaaaaaag5axnqchrn2oi5csox5squb76cdi2zhx5sp2qta3cckd4ub2ijza",
            "defined_tags": {
              "Oracle-Tags.CreatedBy": "default/k8s-provisioner-user@prontclinic.com.br",
              "Oracle-Tags.CreatedOn": "2025-10-18T21:20:33.446Z"
            },
            "dhcp_options_id": "ocid1.dhcpoptions.oc1.sa-saopaulo-1.aaaaaaaa7j2nmzatmukssulerl4skamakmtv4req7w5j4jb5l3a5aedjmi5q",
            "display_name": "kt-cluster-prontclinic-prod-private-subnet",
            "dns_label": "okeprivate",
            "freeform_tags": {
              "CostCenter": "IT",
              "Environment": "Production",
              "ManagedBy": "Terraform",
              "Owner": "ProntClinic",
              "Project": "ProntClinic"
            },
            "id": "ocid1.subnet.oc1.sa-saopaulo-1.aaaaaaaarmivfr2w7y4w6aobjns65afnnzwpetu2pxbw3yuxuoe3lio3piba",
            "ipv6cidr_block": null,
            "ipv6cidr_blocks": [],
            "ipv6virtual_router_ip": null,
            "prohibit_internet_ingress": true,
            "prohibit_public_ip_on_vnic": true,
            "route_table_id": "ocid1.routetable.oc1.sa-saopaulo-1.aaaaaaaax3emhlfz4e6pbzmg6obpczseglje6cvtwacjeu4mgll47q7qewca",
            "security_list_ids": [
              "ocid1.securitylist.oc1.sa-saopaulo-1.aaaaaaaab2dzutsk7brzpympkpnk2eaeegllqeabmt2e7v7xcjvb7v4dkt5q"
            ],
            "state": "AVAILABLE",
            "subnet_domain_name": "okeprivate.okevcn.oraclevcn.com",
            "time_created": "2025-10-18 21:20:33.495 +0000 UTC",
            "timeouts": null,
            "vcn_id": "ocid1.vcn.oc1.sa-saopaulo-1.amaaaaaawsaoumiarcbrujllbouvidpksru6ngvisla45gz777zj62qmjjlq",
            "virtual_router_ip": "10.0.1.1",
            "virtual_router_mac": "00:00:17:86:03:92"
          },
          "sensitive_attributes": [],
          "identity_schema_version": 0,
          "private": "eyJlMmJmYjczMC1lY2FhLTExZTYtOGY4OC0zNDM2M2JjN2M0YzAiOnsiY3JlYXRlIjoxMjAwMDAwMDAwMDAwLCJkZWxldGUiOjEyMDAwMDAwMDAwMDAsInVwZGF0ZSI6MTIwMDAwMDAwMDAwMH19",
          "dependencies": [
            "data.oci_core_services.all_services",
            "oci_core_nat_gateway.oke_nat",
            "oci_core_route_table.oke_private_rt",
            "oci_core_security_list.oke_private_sl",
            "oci_core_service_gateway.oke_sgw",
            "oci_core_vcn.oke_vcn"
          ]
        }
      ]
    },
    {
      "mode": "managed",
      "type": "oci_core_subnet",
      "name": "oke_public_subnet",
      "provider": "provider[\"registry.terraform.io/oracle/oci\"]",
      "instances": [
        {
          "schema_version": 0,
          "attributes": {
            "availability_domain": null,
            "cidr_block": "10.0.2.0/24",
            "compartment_id": "ocid1.compartment.oc1..aaaaaaaag5axnqchrn2oi5csox5squb76cdi2zhx5sp2qta3cckd4ub2ijza",
            "defined_tags": {
              "Oracle-Tags.CreatedBy": "default/k8s-provisioner-user@prontclinic.com.br",
              "Oracle-Tags.CreatedOn": "2025-10-18T21:20:29.665Z"
            },
            "dhcp_options_id": "ocid1.dhcpoptions.oc1.sa-saopaulo-1.aaaaaaaa7j2nmzatmukssulerl4skamakmtv4req7w5j4jb5l3a5aedjmi5q",
            "display_name": "kt-cluster-prontclinic-prod-public-subnet",
            "dns_label": "okepublic",
            "freeform_tags": {
              "CostCenter": "IT",
              "Environment": "Production",
              "ManagedBy": "Terraform",
              "Owner": "ProntClinic",
              "Project": "ProntClinic"
            },
            "id": "ocid1.subnet.oc1.sa-saopaulo-1.aaaaaaaas43ndjasvv4ly3jjyxqkrptrhyz4p4hrq7g2umetyk76nt4wchda",
            "ipv6cidr_block": null,
            "ipv6cidr_blocks": [],
            "ipv6virtual_router_ip": null,
            "prohibit_internet_ingress": false,
            "prohibit_public_ip_on_vnic": false,
            "route_table_id": "ocid1.routetable.oc1.sa-saopaulo-1.aaaaaaaapjg63o6xmr2xacuehsxtcj72t72ze6pppsmgpiu32fipylave2fa",
            "security_list_ids": [
              "ocid1.securitylist.oc1.sa-saopaulo-1.aaaaaaaamujrvsazax2eyqncw76metbz5lvpdpyi33xdtittcqbwkbfvuyhq"
            ],
            "state": "AVAILABLE",
            "subnet_domain_name": "okepublic.okevcn.oraclevcn.com",
            "time_created": "2025-10-18 21:20:29.712 +0000 UTC",
            "timeouts": null,
            "vcn_id": "ocid1.vcn.oc1.sa-saopaulo-1.amaaaaaawsaoumiarcbrujllbouvidpksru6ngvisla45gz777zj62qmjjlq",
            "virtual_router_ip": "10.0.2.1",
            "virtual_router_mac": "00:00:17:86:03:92"
          },
          "sensitive_attributes": [],
          "identity_schema_version": 0,
          "private": "eyJlMmJmYjczMC1lY2FhLTExZTYtOGY4OC0zNDM2M2JjN2M0YzAiOnsiY3JlYXRlIjoxMjAwMDAwMDAwMDAwLCJkZWxldGUiOjEyMDAwMDAwMDAwMDAsInVwZGF0ZSI6MTIwMDAwMDAwMDAwMH19",
          "dependencies": [
            "oci_core_internet_gateway.oke_igw",
            "oci_core_route_table.oke_public_rt",
            "oci_core_security_list.oke_public_sl",
            "oci_core_vcn.oke_vcn"
          ]
        }
      ]
    },
    {
      "mode": "managed",
      "type": "oci_core_vcn",
      "name": "oke_vcn",
      "provider": "provider[\"registry.terraform.io/oracle/oci\"]",
      "instances": [
        {
          "schema_version": 0,
          "attributes": {
            "byoipv6cidr_blocks": [],
            "byoipv6cidr_details": [],
            "cidr_block": "10.0.0.0/16",
            "cidr_blocks": [
              "10.0.0.0/16"
            ],
            "compartment_id": "ocid1.compartment.oc1..aaaaaaaag5axnqchrn2oi5csox5squb76cdi2zhx5sp2qta3cckd4ub2ijza",
            "default_dhcp_options_id": "ocid1.dhcpoptions.oc1.sa-saopaulo-1.aaaaaaaa7j2nmzatmukssulerl4skamakmtv4req7w5j4jb5l3a5aedjmi5q",
            "default_route_table_id": "ocid1.routetable.oc1.sa-saopaulo-1.aaaaaaaaoe7ke7nn2u76zmkhyczprtahvpjymlbgn4tuqrnnc4kl6vta7daq",
            "default_security_list_id": "ocid1.securitylist.oc1.sa-saopaulo-1.aaaaaaaalxydvmehkw3rtugdy6eas2b2kieguad4ujpjta7dzxkceorzzmkq",
            "defined_tags": {
              "Oracle-Tags.CreatedBy": "default/k8s-provisioner-user@prontclinic.com.br",
              "Oracle-Tags.CreatedOn": "2025-10-18T21:20:28.088Z"
            },
            "display_name": "kt-cluster-prontclinic-prod-vcn",
            "dns_label": "okevcn",
            "freeform_tags": {
              "CostCenter": "IT",
              "Environment": "Production",
              "ManagedBy": "Terraform",
              "Owner": "ProntClinic",
              "Project": "ProntClinic"
            },
            "id": "ocid1.vcn.oc1.sa-saopaulo-1.amaaaaaawsaoumiarcbrujllbouvidpksru6ngvisla45gz777zj62qmjjlq",
            "ipv6cidr_blocks": [],
            "ipv6private_cidr_blocks": [],
            "is_ipv6enabled": false,
            "is_oracle_gua_allocation_enabled": null,
            "security_attributes": {},
            "state": "AVAILABLE",
            "time_created": "2025-10-18 21:20:28.174 +0000 UTC",
            "timeouts": null,
            "vcn_domain_name": "okevcn.oraclevcn.com"
          },
          "sensitive_attributes": [],
          "identity_schema_version": 0,
          "private": "eyJlMmJmYjczMC1lY2FhLTExZTYtOGY4OC0zNDM2M2JjN2M0YzAiOnsiY3JlYXRlIjoxMjAwMDAwMDAwMDAwLCJkZWxldGUiOjEyMDAwMDAwMDAwMDAsInVwZGF0ZSI6MTIwMDAwMDAwMDAwMH19"
        }
      ]
    }
  ],
  "check_results": null
}
