{
  "version": 4,
  "terraform_version": "1.13.1",
  "serial": 13,
  "lineage": "6c0ec2f4-7f44-eec2-e844-72f2c04144f3",
  "outputs": {
    "cluster_kubernetes_version": {
      "value": "v1.31.1",
      "type": "string"
    },
    "cluster_name": {
      "value": "kt-cluster-prontclinic-prod",
      "type": "string"
    },
    "internet_gateway_id": {
      "value": "ocid1.internetgateway.oc1.sa-saopaulo-1.aaaaaaaa4ibp7szsmulzfbnx2tf6b7fyvcgjp7vbthsjtqhawg5bjfgi4afa",
      "type": "string"
    },
    "nat_gateway_id": {
      "value": "ocid1.natgateway.oc1.sa-saopaulo-1.aaaaaaaaydk32l6q3ddrhuomqc7m2qejj5mzcaqbwivmqziv6yrkwnhafdya",
      "type": "string"
    },
    "network_info": {
      "value": {
        "pods_cidr": "10.244.0.0/16",
        "private_subnet_cidr": "10.0.1.0/24",
        "public_subnet_cidr": "10.0.2.0/24",
        "services_cidr": "10.96.0.0/16",
        "vcn_cidr": "10.0.0.0/16"
      },
      "type": [
        "object",
        {
          "pods_cidr": "string",
          "private_subnet_cidr": "string",
          "public_subnet_cidr": "string",
          "services_cidr": "string",
          "vcn_cidr": "string"
        }
      ]
    },
    "nginx_ingress_reserved_ip": {
      "value": "144.22.240.174",
      "type": "string"
    },
    "nginx_ingress_reserved_ip_ocid": {
      "value": "ocid1.publicip.oc1.sa-saopaulo-1.amaaaaaawsaoumiamu3gpmftw42a7q3lm772gk5cufosloa72te6rfkmti5a",
      "type": "string"
    },
    "node_info": {
      "value": {
        "availability_domain": "jCAi:SA-SAOPAULO-1-AD-1",
        "node_count": 3,
        "node_memory": "16GB",
        "node_ocpus": 2,
        "node_shape": "VM.Standard.A2.Flex"
      },
      "type": [
        "object",
        {
          "availability_domain": "string",
          "node_count": "number",
          "node_memory": "string",
          "node_ocpus": "number",
          "node_shape": "string"
        }
      ]
    },
    "node_pool_name": {
      "value": "kt-cluster-prontclinic-prod-np",
      "type": "string"
    },
    "node_pool_size": {
      "value": 3,
      "type": "number"
    },
    "private_subnet_cidr": {
      "value": "10.0.1.0/24",
      "type": "string"
    },
    "private_subnet_id": {
      "value": "ocid1.subnet.oc1.sa-saopaulo-1.aaaaaaaakgunyesde5pamtyfnqrpexzjuaqxgpwmy5jvbkl7x2ygdkosda6q",
      "type": "string"
    },
    "public_subnet_cidr": {
      "value": "10.0.2.0/24",
      "type": "string"
    },
    "public_subnet_id": {
      "value": "ocid1.subnet.oc1.sa-saopaulo-1.aaaaaaaauglm7q3rqoia2lr3r7uncnvkkbnpqz3dfrw7tiuf6rx4qsq2nhga",
      "type": "string"
    },
    "service_gateway_id": {
      "value": "ocid1.servicegateway.oc1.sa-saopaulo-1.aaaaaaaarv4mrlfrlmthv6hsiqujnpnwy5busnflpdge36inx2getvdl7iaq",
      "type": "string"
    },
    "vcn_cidr": {
      "value": "10.0.0.0/16",
      "type": "string"
    },
    "vcn_id": {
      "value": "ocid1.vcn.oc1.sa-saopaulo-1.amaaaaaawsaoumiarexszzr5oatyyxd5rp4xmlj4gnicia4chvz35oqbwsra",
      "type": "string"
    }
  },
  "resources": [
    {
      "mode": "data",
      "type": "oci_containerengine_cluster_option",
      "name": "oke_cluster_options",
      "provider": "provider[\"registry.terraform.io/oracle/oci\"]",
      "instances": [
        {
          "schema_version": 0,
          "attributes": {
            "cluster_option_id": "all",
            "cluster_pod_network_options": [
              {
                "cni_type": "OCI_VCN_IP_NATIVE"
              },
              {
                "cni_type": "FLANNEL_OVERLAY"
              }
            ],
            "compartment_id": null,
            "id": "ContainerengineClusterOptionDataSource-1870923232",
            "kubernetes_versions": [
              "v1.31.1",
              "v1.31.10",
              "v1.32.1",
              "v1.33.0",
              "v1.33.1",
              "v1.34.0",
              "v1.34.1"
            ]
          },
          "sensitive_attributes": [],
          "identity_schema_version": 0
        }
      ]
    },
    {
      "mode": "data",
      "type": "oci_core_services",
      "name": "all_services",
      "provider": "provider[\"registry.terraform.io/oracle/oci\"]",
      "instances": [
        {
          "schema_version": 0,
          "attributes": {
            "filter": [
              {
                "name": "name",
                "regex": true,
                "values": [
                  "All .* Services In Oracle Services Network"
                ]
              }
            ],
            "id": "CoreServicesDataSource-0",
            "services": [
              {
                "cidr_block": "all-gru-services-in-oracle-services-network",
                "description": "All GRU Services In Oracle Services Network",
                "id": "ocid1.service.oc1.sa-saopaulo-1.aaaaaaaacd57uig6rzxm2qfipukbqpje2bhztqszh3aj7zk2jtvf6gvntena",
                "name": "All GRU Services In Oracle Services Network"
              }
            ]
          },
          "sensitive_attributes": [],
          "identity_schema_version": 0
        }
      ]
    },
    {
      "mode": "data",
      "type": "oci_identity_availability_domains",
      "name": "ads",
      "provider": "provider[\"registry.terraform.io/oracle/oci\"]",
      "instances": [
        {
          "schema_version": 0,
          "attributes": {
            "availability_domains": [
              {
                "compartment_id": "ocid1.compartment.oc1..aaaaaaaag5axnqchrn2oi5csox5squb76cdi2zhx5sp2qta3cckd4ub2ijza",
                "id": "ocid1.availabilitydomain.oc1..aaaaaaaay5nesbty7quxigdwtp7axotkcglzi43jvfrnwvbv4dgjerqwxf5a",
                "name": "jCAi:SA-SAOPAULO-1-AD-1"
              }
            ],
            "compartment_id": "ocid1.compartment.oc1..aaaaaaaag5axnqchrn2oi5csox5squb76cdi2zhx5sp2qta3cckd4ub2ijza",
            "filter": null,
            "id": "IdentityAvailabilityDomainsDataSource-860825974"
          },
          "sensitive_attributes": [],
          "identity_schema_version": 0
        }
      ]
    },
    {
      "mode": "managed",
      "type": "oci_core_internet_gateway",
      "name": "oke_igw",
      "provider": "provider[\"registry.terraform.io/oracle/oci\"]",
      "instances": [
        {
          "schema_version": 0,
          "attributes": {
            "compartment_id": "ocid1.compartment.oc1..aaaaaaaag5axnqchrn2oi5csox5squb76cdi2zhx5sp2qta3cckd4ub2ijza",
            "defined_tags": {
              "Oracle-Tags.CreatedBy": "default/k8s-provisioner-user@prontclinic.com.br",
              "Oracle-Tags.CreatedOn": "2025-10-18T22:44:25.120Z"
            },
            "display_name": "kt-cluster-prontclinic-prod-igw",
            "enabled": true,
            "freeform_tags": {
              "CostCenter": "IT",
              "Environment": "Production",
              "ManagedBy": "Terraform",
              "Owner": "ProntClinic",
              "Project": "ProntClinic"
            },
            "id": "ocid1.internetgateway.oc1.sa-saopaulo-1.aaaaaaaa4ibp7szsmulzfbnx2tf6b7fyvcgjp7vbthsjtqhawg5bjfgi4afa",
            "route_table_id": null,
            "state": "AVAILABLE",
            "time_created": "2025-10-18 22:44:25.158 +0000 UTC",
            "timeouts": null,
            "vcn_id": "ocid1.vcn.oc1.sa-saopaulo-1.amaaaaaawsaoumiarexszzr5oatyyxd5rp4xmlj4gnicia4chvz35oqbwsra"
          },
          "sensitive_attributes": [],
          "identity_schema_version": 0,
          "private": "eyJlMmJmYjczMC1lY2FhLTExZTYtOGY4OC0zNDM2M2JjN2M0YzAiOnsiY3JlYXRlIjoxMjAwMDAwMDAwMDAwLCJkZWxldGUiOjEyMDAwMDAwMDAwMDAsInVwZGF0ZSI6MTIwMDAwMDAwMDAwMH19",
          "dependencies": [
            "oci_core_vcn.oke_vcn"
          ]
        }
      ]
    },
    {
      "mode": "managed",
      "type": "oci_core_nat_gateway",
      "name": "oke_nat",
      "provider": "provider[\"registry.terraform.io/oracle/oci\"]",
      "instances": [
        {
          "schema_version": 0,
          "attributes": {
            "block_traffic": false,
            "compartment_id": "ocid1.compartment.oc1..aaaaaaaag5axnqchrn2oi5csox5squb76cdi2zhx5sp2qta3cckd4ub2ijza",
            "defined_tags": {
              "Oracle-Tags.CreatedBy": "default/k8s-provisioner-user@prontclinic.com.br",
              "Oracle-Tags.CreatedOn": "2025-10-18T22:44:25.030Z"
            },
            "display_name": "kt-cluster-prontclinic-prod-nat",
            "freeform_tags": {
              "CostCenter": "IT",
              "Environment": "Production",
              "ManagedBy": "Terraform",
              "Owner": "ProntClinic",
              "Project": "ProntClinic"
            },
            "id": "ocid1.natgateway.oc1.sa-saopaulo-1.aaaaaaaaydk32l6q3ddrhuomqc7m2qejj5mzcaqbwivmqziv6yrkwnhafdya",
            "nat_ip": "64.181.165.14",
            "public_ip_id": "ocid1.publicip.oc1.sa-saopaulo-1.aaaaaaaambtmsscvbj3mcws3udarwwwl636lenfomblkzaz2lo7tqimoqoda",
            "route_table_id": null,
            "state": "AVAILABLE",
            "time_created": "2025-10-18 22:44:25.208 +0000 UTC",
            "timeouts": null,
            "vcn_id": "ocid1.vcn.oc1.sa-saopaulo-1.amaaaaaawsaoumiarexszzr5oatyyxd5rp4xmlj4gnicia4chvz35oqbwsra"
          },
          "sensitive_attributes": [],
          "identity_schema_version": 0,
          "private": "eyJlMmJmYjczMC1lY2FhLTExZTYtOGY4OC0zNDM2M2JjN2M0YzAiOnsiY3JlYXRlIjoxMjAwMDAwMDAwMDAwLCJkZWxldGUiOjEyMDAwMDAwMDAwMDAsInVwZGF0ZSI6MTIwMDAwMDAwMDAwMH19",
          "dependencies": [
            "oci_core_vcn.oke_vcn"
          ]
        }
      ]
    },
    {
      "mode": "managed",
      "type": "oci_core_public_ip",
      "name": "nginx_ingress_reserved_ip",
      "provider": "provider[\"registry.terraform.io/oracle/oci\"]",
      "instances": [
        {
          "schema_version": 0,
          "attributes": {
            "assigned_entity_id": null,
            "assigned_entity_type": "",
            "availability_domain": null,
            "compartment_id": "ocid1.compartment.oc1..aaaaaaaag5axnqchrn2oi5csox5squb76cdi2zhx5sp2qta3cckd4ub2ijza",
            "defined_tags": {
              "Oracle-Tags.CreatedBy": "default/k8s-provisioner-user@prontclinic.com.br",
              "Oracle-Tags.CreatedOn": "2025-10-18T22:44:24.495Z"
            },
            "display_name": "nginx-ingress-reserved-ip-kt-cluster-prontclinic-prod",
            "freeform_tags": {
              "Component": "NGINX-Ingress",
              "Environment": "Production",
              "ManagedBy": "Terraform",
              "Owner": "ProntClinic",
              "Project": "ProntDental"
            },
            "id": "ocid1.publicip.oc1.sa-saopaulo-1.amaaaaaawsaoumiamu3gpmftw42a7q3lm772gk5cufosloa72te6rfkmti5a",
            "ip_address": "144.22.240.174",
            "lifetime": "RESERVED",
            "private_ip_id": null,
            "public_ip_pool_id": null,
            "scope": "REGION",
            "state": "AVAILABLE",
            "time_created": "2025-10-18 22:44:24.593 +0000 UTC",
            "timeouts": null
          },
          "sensitive_attributes": [],
          "identity_schema_version": 0,
          "private": "eyJlMmJmYjczMC1lY2FhLTExZTYtOGY4OC0zNDM2M2JjN2M0YzAiOnsiY3JlYXRlIjoxMjAwMDAwMDAwMDAwLCJkZWxldGUiOjEyMDAwMDAwMDAwMDAsInVwZGF0ZSI6MTIwMDAwMDAwMDAwMH19"
        }
      ]
    },
    {
      "mode": "managed",
      "type": "oci_core_route_table",
      "name": "oke_private_rt",
      "provider": "provider[\"registry.terraform.io/oracle/oci\"]",
      "instances": [
        {
          "schema_version": 0,
          "attributes": {
            "compartment_id": "ocid1.compartment.oc1..aaaaaaaag5axnqchrn2oi5csox5squb76cdi2zhx5sp2qta3cckd4ub2ijza",
            "defined_tags": {
              "Oracle-Tags.CreatedBy": "default/k8s-provisioner-user@prontclinic.com.br",
              "Oracle-Tags.CreatedOn": "2025-10-18T22:44:29.989Z"
            },
            "display_name": "kt-cluster-prontclinic-prod-private-rt",
            "freeform_tags": {
              "CostCenter": "IT",
              "Environment": "Production",
              "ManagedBy": "Terraform",
              "Owner": "ProntClinic",
              "Project": "ProntClinic"
            },
            "id": "ocid1.routetable.oc1.sa-saopaulo-1.aaaaaaaagbuqgct45435iepcv7knt7dzq5ywknqnqz57bo5pe7th2jqlij2q",
            "route_rules": [
              {
                "cidr_block": "",
                "description": "",
                "destination": "0.0.0.0/0",
                "destination_type": "CIDR_BLOCK",
                "network_entity_id": "ocid1.natgateway.oc1.sa-saopaulo-1.aaaaaaaaydk32l6q3ddrhuomqc7m2qejj5mzcaqbwivmqziv6yrkwnhafdya",
                "route_type": ""
              },
              {
                "cidr_block": "",
                "description": "",
                "destination": "all-gru-services-in-oracle-services-network",
                "destination_type": "SERVICE_CIDR_BLOCK",
                "network_entity_id": "ocid1.servicegateway.oc1.sa-saopaulo-1.aaaaaaaarv4mrlfrlmthv6hsiqujnpnwy5busnflpdge36inx2getvdl7iaq",
                "route_type": ""
              }
            ],
            "state": "AVAILABLE",
            "time_created": "2025-10-18 22:44:30.034 +0000 UTC",
            "timeouts": null,
            "vcn_id": "ocid1.vcn.oc1.sa-saopaulo-1.amaaaaaawsaoumiarexszzr5oatyyxd5rp4xmlj4gnicia4chvz35oqbwsra"
          },
          "sensitive_attributes": [],
          "identity_schema_version": 0,
          "private": "eyJlMmJmYjczMC1lY2FhLTExZTYtOGY4OC0zNDM2M2JjN2M0YzAiOnsiY3JlYXRlIjoxMjAwMDAwMDAwMDAwLCJkZWxldGUiOjEyMDAwMDAwMDAwMDAsInVwZGF0ZSI6MTIwMDAwMDAwMDAwMH19",
          "dependencies": [
            "data.oci_core_services.all_services",
            "oci_core_nat_gateway.oke_nat",
            "oci_core_service_gateway.oke_sgw",
            "oci_core_vcn.oke_vcn"
          ]
        }
      ]
    },
    {
      "mode": "managed",
      "type": "oci_core_route_table",
      "name": "oke_public_rt",
      "provider": "provider[\"registry.terraform.io/oracle/oci\"]",
      "instances": [
        {
          "schema_version": 0,
          "attributes": {
            "compartment_id": "ocid1.compartment.oc1..aaaaaaaag5axnqchrn2oi5csox5squb76cdi2zhx5sp2qta3cckd4ub2ijza",
            "defined_tags": {
              "Oracle-Tags.CreatedBy": "default/k8s-provisioner-user@prontclinic.com.br",
              "Oracle-Tags.CreatedOn": "2025-10-18T22:44:25.635Z"
            },
            "display_name": "kt-cluster-prontclinic-prod-public-rt",
            "freeform_tags": {
              "CostCenter": "IT",
              "Environment": "Production",
              "ManagedBy": "Terraform",
              "Owner": "ProntClinic",
              "Project": "ProntClinic"
            },
            "id": "ocid1.routetable.oc1.sa-saopaulo-1.aaaaaaaasyu7dvqezneudil3mkmd6dh2yyhiqetz65ri73bupmqfuwc5767a",
            "route_rules": [
              {
                "cidr_block": "",
                "description": "",
                "destination": "0.0.0.0/0",
                "destination_type": "CIDR_BLOCK",
                "network_entity_id": "ocid1.internetgateway.oc1.sa-saopaulo-1.aaaaaaaa4ibp7szsmulzfbnx2tf6b7fyvcgjp7vbthsjtqhawg5bjfgi4afa",
                "route_type": ""
              }
            ],
            "state": "AVAILABLE",
            "time_created": "2025-10-18 22:44:25.672 +0000 UTC",
            "timeouts": null,
            "vcn_id": "ocid1.vcn.oc1.sa-saopaulo-1.amaaaaaawsaoumiarexszzr5oatyyxd5rp4xmlj4gnicia4chvz35oqbwsra"
          },
          "sensitive_attributes": [],
          "identity_schema_version": 0,
          "private": "eyJlMmJmYjczMC1lY2FhLTExZTYtOGY4OC0zNDM2M2JjN2M0YzAiOnsiY3JlYXRlIjoxMjAwMDAwMDAwMDAwLCJkZWxldGUiOjEyMDAwMDAwMDAwMDAsInVwZGF0ZSI6MTIwMDAwMDAwMDAwMH19",
          "dependencies": [
            "oci_core_internet_gateway.oke_igw",
            "oci_core_vcn.oke_vcn"
          ]
        }
      ]
    },
    {
      "mode": "managed",
      "type": "oci_core_security_list",
      "name": "oke_private_sl",
      "provider": "provider[\"registry.terraform.io/oracle/oci\"]",
      "instances": [
        {
          "schema_version": 0,
          "attributes": {
            "compartment_id": "ocid1.compartment.oc1..aaaaaaaag5axnqchrn2oi5csox5squb76cdi2zhx5sp2qta3cckd4ub2ijza",
            "defined_tags": {
              "Oracle-Tags.CreatedBy": "default/k8s-provisioner-user@prontclinic.com.br",
              "Oracle-Tags.CreatedOn": "2025-10-18T22:44:25.128Z"
            },
            "display_name": "kt-cluster-prontclinic-prod-private-sl",
            "egress_security_rules": [
              {
                "description": "",
                "destination": "0.0.0.0/0",
                "destination_type": "CIDR_BLOCK",
                "icmp_options": [],
                "protocol": "all",
                "stateless": false,
                "tcp_options": [],
                "udp_options": []
              }
            ],
            "freeform_tags": {
              "CostCenter": "IT",
              "Environment": "Production",
              "ManagedBy": "Terraform",
              "Owner": "ProntClinic",
              "Project": "ProntClinic"
            },
            "id": "ocid1.securitylist.oc1.sa-saopaulo-1.aaaaaaaarmpawjkxyu7hmqr3qs4g4dmerd4trmo7wmwrg7orajtov3ucr2ja",
            "ingress_security_rules": [
              {
                "description": "",
                "icmp_options": [
                  {
                    "code": -1,
                    "type": 8
                  }
                ],
                "protocol": "1",
                "source": "0.0.0.0/0",
                "source_type": "CIDR_BLOCK",
                "stateless": false,
                "tcp_options": [],
                "udp_options": []
              },
              {
                "description": "",
                "icmp_options": [
                  {
                    "code": 4,
                    "type": 3
                  }
                ],
                "protocol": "1",
                "source": "0.0.0.0/0",
                "source_type": "CIDR_BLOCK",
                "stateless": false,
                "tcp_options": [],
                "udp_options": []
              },
              {
                "description": "",
                "icmp_options": [],
                "protocol": "1",
                "source": "10.0.0.0/16",
                "source_type": "CIDR_BLOCK",
                "stateless": false,
                "tcp_options": [],
                "udp_options": []
              },
              {
                "description": "",
                "icmp_options": [],
                "protocol": "6",
                "source": "10.0.0.0/16",
                "source_type": "CIDR_BLOCK",
                "stateless": false,
                "tcp_options": [
                  {
                    "max": 22,
                    "min": 22,
                    "source_port_range": []
                  }
                ],
                "udp_options": []
              },
              {
                "description": "",
                "icmp_options": [],
                "protocol": "6",
                "source": "10.0.0.0/16",
                "source_type": "CIDR_BLOCK",
                "stateless": false,
                "tcp_options": [
                  {
                    "max": 443,
                    "min": 443,
                    "source_port_range": []
                  }
                ],
                "udp_options": []
              },
              {
                "description": "",
                "icmp_options": [],
                "protocol": "all",
                "source": "0.0.0.0/0",
                "source_type": "CIDR_BLOCK",
                "stateless": false,
                "tcp_options": [],
                "udp_options": []
              },
              {
                "description": "",
                "icmp_options": [],
                "protocol": "all",
                "source": "10.0.0.0/16",
                "source_type": "CIDR_BLOCK",
                "stateless": false,
                "tcp_options": [],
                "udp_options": []
              }
            ],
            "state": "AVAILABLE",
            "time_created": "2025-10-18 22:44:25.158 +0000 UTC",
            "timeouts": null,
            "vcn_id": "ocid1.vcn.oc1.sa-saopaulo-1.amaaaaaawsaoumiarexszzr5oatyyxd5rp4xmlj4gnicia4chvz35oqbwsra"
          },
          "sensitive_attributes": [],
          "identity_schema_version": 0,
          "private": "eyJlMmJmYjczMC1lY2FhLTExZTYtOGY4OC0zNDM2M2JjN2M0YzAiOnsiY3JlYXRlIjoxMjAwMDAwMDAwMDAwLCJkZWxldGUiOjEyMDAwMDAwMDAwMDAsInVwZGF0ZSI6MTIwMDAwMDAwMDAwMH19",
          "dependencies": [
            "oci_core_vcn.oke_vcn"
          ]
        }
      ]
    },
    {
      "mode": "managed",
      "type": "oci_core_security_list",
      "name": "oke_public_sl",
      "provider": "provider[\"registry.terraform.io/oracle/oci\"]",
      "instances": [
        {
          "schema_version": 0,
          "attributes": {
            "compartment_id": "ocid1.compartment.oc1..aaaaaaaag5axnqchrn2oi5csox5squb76cdi2zhx5sp2qta3cckd4ub2ijza",
            "defined_tags": {
              "Oracle-Tags.CreatedBy": "default/k8s-provisioner-user@prontclinic.com.br",
              "Oracle-Tags.CreatedOn": "2025-10-18T22:44:25.125Z"
            },
            "display_name": "kt-cluster-prontclinic-prod-public-sl",
            "egress_security_rules": [
              {
                "description": "",
                "destination": "0.0.0.0/0",
                "destination_type": "CIDR_BLOCK",
                "icmp_options": [],
                "protocol": "all",
                "stateless": false,
                "tcp_options": [],
                "udp_options": []
              }
            ],
            "freeform_tags": {
              "CostCenter": "IT",
              "Environment": "Production",
              "ManagedBy": "Terraform",
              "Owner": "ProntClinic",
              "Project": "ProntClinic"
            },
            "id": "ocid1.securitylist.oc1.sa-saopaulo-1.aaaaaaaa5osnx52ecr7ykujabfasvs3mft6qrbjelm4dmejx36z2yohrfmzq",
            "ingress_security_rules": [
              {
                "description": "",
                "icmp_options": [],
                "protocol": "6",
                "source": "0.0.0.0/0",
                "source_type": "CIDR_BLOCK",
                "stateless": false,
                "tcp_options": [
                  {
                    "max": 32767,
                    "min": 30000,
                    "source_port_range": []
                  }
                ],
                "udp_options": []
              },
              {
                "description": "",
                "icmp_options": [],
                "protocol": "6",
                "source": "0.0.0.0/0",
                "source_type": "CIDR_BLOCK",
                "stateless": false,
                "tcp_options": [
                  {
                    "max": 443,
                    "min": 443,
                    "source_port_range": []
                  }
                ],
                "udp_options": []
              },
              {
                "description": "",
                "icmp_options": [],
                "protocol": "6",
                "source": "0.0.0.0/0",
                "source_type": "CIDR_BLOCK",
                "stateless": false,
                "tcp_options": [
                  {
                    "max": 6443,
                    "min": 6443,
                    "source_port_range": []
                  }
                ],
                "udp_options": []
              },
              {
                "description": "",
                "icmp_options": [],
                "protocol": "6",
                "source": "0.0.0.0/0",
                "source_type": "CIDR_BLOCK",
                "stateless": false,
                "tcp_options": [
                  {
                    "max": 80,
                    "min": 80,
                    "source_port_range": []
                  }
                ],
                "udp_options": []
              },
              {
                "description": "",
                "icmp_options": [],
                "protocol": "all",
                "source": "10.0.0.0/16",
                "source_type": "CIDR_BLOCK",
                "stateless": false,
                "tcp_options": [],
                "udp_options": []
              }
            ],
            "state": "AVAILABLE",
            "time_created": "2025-10-18 22:44:25.148 +0000 UTC",
            "timeouts": null,
            "vcn_id": "ocid1.vcn.oc1.sa-saopaulo-1.amaaaaaawsaoumiarexszzr5oatyyxd5rp4xmlj4gnicia4chvz35oqbwsra"
          },
          "sensitive_attributes": [],
          "identity_schema_version": 0,
          "private": "eyJlMmJmYjczMC1lY2FhLTExZTYtOGY4OC0zNDM2M2JjN2M0YzAiOnsiY3JlYXRlIjoxMjAwMDAwMDAwMDAwLCJkZWxldGUiOjEyMDAwMDAwMDAwMDAsInVwZGF0ZSI6MTIwMDAwMDAwMDAwMH19",
          "dependencies": [
            "oci_core_vcn.oke_vcn"
          ]
        }
      ]
    },
    {
      "mode": "managed",
      "type": "oci_core_service_gateway",
      "name": "oke_sgw",
      "provider": "provider[\"registry.terraform.io/oracle/oci\"]",
      "instances": [
        {
          "schema_version": 0,
          "attributes": {
            "block_traffic": false,
            "compartment_id": "ocid1.compartment.oc1..aaaaaaaag5axnqchrn2oi5csox5squb76cdi2zhx5sp2qta3cckd4ub2ijza",
            "defined_tags": {
              "Oracle-Tags.CreatedBy": "default/k8s-provisioner-user@prontclinic.com.br",
              "Oracle-Tags.CreatedOn": "2025-10-18T22:44:25.018Z"
            },
            "display_name": "kt-cluster-prontclinic-prod-sgw",
            "freeform_tags": {
              "CostCenter": "IT",
              "Environment": "Production",
              "ManagedBy": "Terraform",
              "Owner": "ProntClinic",
              "Project": "ProntClinic"
            },
            "id": "ocid1.servicegateway.oc1.sa-saopaulo-1.aaaaaaaarv4mrlfrlmthv6hsiqujnpnwy5busnflpdge36inx2getvdl7iaq",
            "route_table_id": null,
            "services": [
              {
                "service_id": "ocid1.service.oc1.sa-saopaulo-1.aaaaaaaacd57uig6rzxm2qfipukbqpje2bhztqszh3aj7zk2jtvf6gvntena",
                "service_name": "All GRU Services In Oracle Services Network"
              }
            ],
            "state": "AVAILABLE",
            "time_created": "2025-10-18 22:44:27.848 +0000 UTC",
            "timeouts": null,
            "vcn_id": "ocid1.vcn.oc1.sa-saopaulo-1.amaaaaaawsaoumiarexszzr5oatyyxd5rp4xmlj4gnicia4chvz35oqbwsra"
          },
          "sensitive_attributes": [],
          "identity_schema_version": 0,
          "private": "eyJlMmJmYjczMC1lY2FhLTExZTYtOGY4OC0zNDM2M2JjN2M0YzAiOnsiY3JlYXRlIjoxMjAwMDAwMDAwMDAwLCJkZWxldGUiOjEyMDAwMDAwMDAwMDAsInVwZGF0ZSI6MTIwMDAwMDAwMDAwMH19",
          "dependencies": [
            "data.oci_core_services.all_services",
            "oci_core_vcn.oke_vcn"
          ]
        }
      ]
    },
    {
      "mode": "managed",
      "type": "oci_core_subnet",
      "name": "oke_private_subnet",
      "provider": "provider[\"registry.terraform.io/oracle/oci\"]",
      "instances": [
        {
          "schema_version": 0,
          "attributes": {
            "availability_domain": null,
            "cidr_block": "10.0.1.0/24",
            "compartment_id": "ocid1.compartment.oc1..aaaaaaaag5axnqchrn2oi5csox5squb76cdi2zhx5sp2qta3cckd4ub2ijza",
            "defined_tags": {
              "Oracle-Tags.CreatedBy": "default/k8s-provisioner-user@prontclinic.com.br",
              "Oracle-Tags.CreatedOn": "2025-10-18T22:44:26.060Z"
            },
            "dhcp_options_id": "ocid1.dhcpoptions.oc1.sa-saopaulo-1.aaaaaaaavws4hvaja2y6nx2o7qvc6ycnwuvmhbsfrfu2d5zftnqx44dhyntq",
            "display_name": "kt-cluster-prontclinic-prod-private-subnet",
            "dns_label": "okeprivate",
            "freeform_tags": {
              "CostCenter": "IT",
              "Environment": "Production",
              "ManagedBy": "Terraform",
              "Owner": "ProntClinic",
              "Project": "ProntClinic"
            },
            "id": "ocid1.subnet.oc1.sa-saopaulo-1.aaaaaaaakgunyesde5pamtyfnqrpexzjuaqxgpwmy5jvbkl7x2ygdkosda6q",
            "ipv6cidr_block": null,
            "ipv6cidr_blocks": [],
            "ipv6virtual_router_ip": null,
            "prohibit_internet_ingress": true,
            "prohibit_public_ip_on_vnic": true,
            "route_table_id": "ocid1.routetable.oc1.sa-saopaulo-1.aaaaaaaagbuqgct45435iepcv7knt7dzq5ywknqnqz57bo5pe7th2jqlij2q",
            "security_list_ids": [
              "ocid1.securitylist.oc1.sa-saopaulo-1.aaaaaaaarmpawjkxyu7hmqr3qs4g4dmerd4trmo7wmwrg7orajtov3ucr2ja"
            ],
            "state": "AVAILABLE",
            "subnet_domain_name": "okeprivate.okevcn.oraclevcn.com",
            "time_created": "2025-10-18 22:44:30.464 +0000 UTC",
            "timeouts": null,
            "vcn_id": "ocid1.vcn.oc1.sa-saopaulo-1.amaaaaaawsaoumiarexszzr5oatyyxd5rp4xmlj4gnicia4chvz35oqbwsra",
            "virtual_router_ip": "10.0.1.1",
            "virtual_router_mac": "00:00:17:31:70:D9"
          },
          "sensitive_attributes": [],
          "identity_schema_version": 0,
          "private": "eyJlMmJmYjczMC1lY2FhLTExZTYtOGY4OC0zNDM2M2JjN2M0YzAiOnsiY3JlYXRlIjoxMjAwMDAwMDAwMDAwLCJkZWxldGUiOjEyMDAwMDAwMDAwMDAsInVwZGF0ZSI6MTIwMDAwMDAwMDAwMH19",
          "dependencies": [
            "data.oci_core_services.all_services",
            "oci_core_nat_gateway.oke_nat",
            "oci_core_route_table.oke_private_rt",
            "oci_core_security_list.oke_private_sl",
            "oci_core_service_gateway.oke_sgw",
            "oci_core_vcn.oke_vcn"
          ]
        }
      ]
    },
    {
      "mode": "managed",
      "type": "oci_core_subnet",
      "name": "oke_public_subnet",
      "provider": "provider[\"registry.terraform.io/oracle/oci\"]",
      "instances": [
        {
          "schema_version": 0,
          "attributes": {
            "availability_domain": null,
            "cidr_block": "10.0.2.0/24",
            "compartment_id": "ocid1.compartment.oc1..aaaaaaaag5axnqchrn2oi5csox5squb76cdi2zhx5sp2qta3cckd4ub2ijza",
            "defined_tags": {
              "Oracle-Tags.CreatedBy": "default/k8s-provisioner-user@prontclinic.com.br",
              "Oracle-Tags.CreatedOn": "2025-10-18T22:44:26.060Z"
            },
            "dhcp_options_id": "ocid1.dhcpoptions.oc1.sa-saopaulo-1.aaaaaaaavws4hvaja2y6nx2o7qvc6ycnwuvmhbsfrfu2d5zftnqx44dhyntq",
            "display_name": "kt-cluster-prontclinic-prod-public-subnet",
            "dns_label": "okepublic",
            "freeform_tags": {
              "CostCenter": "IT",
              "Environment": "Production",
              "ManagedBy": "Terraform",
              "Owner": "ProntClinic",
              "Project": "ProntClinic"
            },
            "id": "ocid1.subnet.oc1.sa-saopaulo-1.aaaaaaaauglm7q3rqoia2lr3r7uncnvkkbnpqz3dfrw7tiuf6rx4qsq2nhga",
            "ipv6cidr_block": null,
            "ipv6cidr_blocks": [],
            "ipv6virtual_router_ip": null,
            "prohibit_internet_ingress": false,
            "prohibit_public_ip_on_vnic": false,
            "route_table_id": "ocid1.routetable.oc1.sa-saopaulo-1.aaaaaaaasyu7dvqezneudil3mkmd6dh2yyhiqetz65ri73bupmqfuwc5767a",
            "security_list_ids": [
              "ocid1.securitylist.oc1.sa-saopaulo-1.aaaaaaaa5osnx52ecr7ykujabfasvs3mft6qrbjelm4dmejx36z2yohrfmzq"
            ],
            "state": "AVAILABLE",
            "subnet_domain_name": "okepublic.okevcn.oraclevcn.com",
            "time_created": "2025-10-18 22:44:26.107 +0000 UTC",
            "timeouts": null,
            "vcn_id": "ocid1.vcn.oc1.sa-saopaulo-1.amaaaaaawsaoumiarexszzr5oatyyxd5rp4xmlj4gnicia4chvz35oqbwsra",
            "virtual_router_ip": "10.0.2.1",
            "virtual_router_mac": "00:00:17:31:70:D9"
          },
          "sensitive_attributes": [],
          "identity_schema_version": 0,
          "private": "eyJlMmJmYjczMC1lY2FhLTExZTYtOGY4OC0zNDM2M2JjN2M0YzAiOnsiY3JlYXRlIjoxMjAwMDAwMDAwMDAwLCJkZWxldGUiOjEyMDAwMDAwMDAwMDAsInVwZGF0ZSI6MTIwMDAwMDAwMDAwMH19",
          "dependencies": [
            "oci_core_internet_gateway.oke_igw",
            "oci_core_route_table.oke_public_rt",
            "oci_core_security_list.oke_public_sl",
            "oci_core_vcn.oke_vcn"
          ]
        }
      ]
    },
    {
      "mode": "managed",
      "type": "oci_core_vcn",
      "name": "oke_vcn",
      "provider": "provider[\"registry.terraform.io/oracle/oci\"]",
      "instances": [
        {
          "schema_version": 0,
          "attributes": {
            "byoipv6cidr_blocks": [],
            "byoipv6cidr_details": null,
            "cidr_block": "10.0.0.0/16",
            "cidr_blocks": [
              "10.0.0.0/16"
            ],
            "compartment_id": "ocid1.compartment.oc1..aaaaaaaag5axnqchrn2oi5csox5squb76cdi2zhx5sp2qta3cckd4ub2ijza",
            "default_dhcp_options_id": "ocid1.dhcpoptions.oc1.sa-saopaulo-1.aaaaaaaavws4hvaja2y6nx2o7qvc6ycnwuvmhbsfrfu2d5zftnqx44dhyntq",
            "default_route_table_id": "ocid1.routetable.oc1.sa-saopaulo-1.aaaaaaaanw5wht3ie2otn6ebg4dipib5pdgtu2uzcqrnx7yhuf5t3eqnkeuq",
            "default_security_list_id": "ocid1.securitylist.oc1.sa-saopaulo-1.aaaaaaaaeqd5qtkpnavl3v4yw2ngygsnh2mqxzrioly44wdgvaq7fzlull2q",
            "defined_tags": {
              "Oracle-Tags.CreatedBy": "default/k8s-provisioner-user@prontclinic.com.br",
              "Oracle-Tags.CreatedOn": "2025-10-18T22:44:24.504Z"
            },
            "display_name": "kt-cluster-prontclinic-prod-vcn",
            "dns_label": "okevcn",
            "freeform_tags": {
              "CostCenter": "IT",
              "Environment": "Production",
              "ManagedBy": "Terraform",
              "Owner": "ProntClinic",
              "Project": "ProntClinic"
            },
            "id": "ocid1.vcn.oc1.sa-saopaulo-1.amaaaaaawsaoumiarexszzr5oatyyxd5rp4xmlj4gnicia4chvz35oqbwsra",
            "ipv6cidr_blocks": [],
            "ipv6private_cidr_blocks": [],
            "is_ipv6enabled": false,
            "is_oracle_gua_allocation_enabled": null,
            "security_attributes": {},
            "state": "AVAILABLE",
            "time_created": "2025-10-18 22:44:24.544 +0000 UTC",
            "timeouts": null,
            "vcn_domain_name": "okevcn.oraclevcn.com"
          },
          "sensitive_attributes": [],
          "identity_schema_version": 0,
          "private": "eyJlMmJmYjczMC1lY2FhLTExZTYtOGY4OC0zNDM2M2JjN2M0YzAiOnsiY3JlYXRlIjoxMjAwMDAwMDAwMDAwLCJkZWxldGUiOjEyMDAwMDAwMDAwMDAsInVwZGF0ZSI6MTIwMDAwMDAwMDAwMH19"
        }
      ]
    }
  ],
  "check_results": null
}
